
Microsoft Visual Studio Solution File, Format Version 12.00
# Visual Studio Version 16
VisualStudioVersion = 16.0.30717.126
MinimumVisualStudioVersion = 10.0.40219.1
Project("{8BC9CEB8-8B4A-11D0-8D11-00A0C91BC942}") = "力扣_476_数字的补数.c", "力扣_476_数字的补数.c\力扣_476_数字的补数.c.vcxproj", "{6EA79131-8C6C-45D1-9840-26B159CC7AC0}"
EndProject
Global
	GlobalSection(SolutionConfigurationPlatforms) = preSolution
		Debug|x64 = Debug|x64
		Debug|x86 = Debug|x86
		Release|x64 = Release|x64
		Release|x86 = Release|x86
	EndGlobalSection
	GlobalSection(ProjectConfigurationPlatforms) = postSolution
		{6EA79131-8C6C-45D1-9840-26B159CC7AC0}.Debug|x64.ActiveCfg = Debug|x64
		{6EA79131-8C6C-45D1-9840-26B159CC7AC0}.Debug|x64.Build.0 = Debug|x64
		{6EA79131-8C6C-45D1-9840-26B159CC7AC0}.Debug|x86.ActiveCfg = Debug|Win32
		{6EA79131-8C6C-45D1-9840-26B159CC7AC0}.Debug|x86.Build.0 = Debug|Win32
		{6EA79131-8C6C-45D1-9840-26B159CC7AC0}.Release|x64.ActiveCfg = Release|x64
		{6EA79131-8C6C-45D1-9840-26B159CC7AC0}.Release|x64.Build.0 = Release|x64
		{6EA79131-8C6C-45D1-9840-26B159CC7AC0}.Release|x86.ActiveCfg = Release|Win32
		{6EA79131-8C6C-45D1-9840-26B159CC7AC0}.Release|x86.Build.0 = Release|Win32
	EndGlobalSection
	GlobalSection(SolutionProperties) = preSolution
		HideSolutionNode = FALSE
	EndGlobalSection
	GlobalSection(ExtensibilityGlobals) = postSolution
		SolutionGuid = {32FD97CB-4C36-48C6-B577-64A9C9D382AD}
	EndGlobalSection
EndGlobal
