
Microsoft Visual Studio Solution File, Format Version 12.00
# Visual Studio Version 16
VisualStudioVersion = 16.0.30717.126
MinimumVisualStudioVersion = 10.0.40219.1
Project("{8BC9CEB8-8B4A-11D0-8D11-00A0C91BC942}") = "力扣_415_字符串相加.c", "力扣_415_字符串相加.c\力扣_415_字符串相加.c.vcxproj", "{3E75AAF2-D24D-47E1-ADF2-BCDB11CE3682}"
EndProject
Global
	GlobalSection(SolutionConfigurationPlatforms) = preSolution
		Debug|x64 = Debug|x64
		Debug|x86 = Debug|x86
		Release|x64 = Release|x64
		Release|x86 = Release|x86
	EndGlobalSection
	GlobalSection(ProjectConfigurationPlatforms) = postSolution
		{3E75AAF2-D24D-47E1-ADF2-BCDB11CE3682}.Debug|x64.ActiveCfg = Debug|x64
		{3E75AAF2-D24D-47E1-ADF2-BCDB11CE3682}.Debug|x64.Build.0 = Debug|x64
		{3E75AAF2-D24D-47E1-ADF2-BCDB11CE3682}.Debug|x86.ActiveCfg = Debug|Win32
		{3E75AAF2-D24D-47E1-ADF2-BCDB11CE3682}.Debug|x86.Build.0 = Debug|Win32
		{3E75AAF2-D24D-47E1-ADF2-BCDB11CE3682}.Release|x64.ActiveCfg = Release|x64
		{3E75AAF2-D24D-47E1-ADF2-BCDB11CE3682}.Release|x64.Build.0 = Release|x64
		{3E75AAF2-D24D-47E1-ADF2-BCDB11CE3682}.Release|x86.ActiveCfg = Release|Win32
		{3E75AAF2-D24D-47E1-ADF2-BCDB11CE3682}.Release|x86.Build.0 = Release|Win32
	EndGlobalSection
	GlobalSection(SolutionProperties) = preSolution
		HideSolutionNode = FALSE
	EndGlobalSection
	GlobalSection(ExtensibilityGlobals) = postSolution
		SolutionGuid = {1CB8E565-A1FF-4B88-B353-B7C0C576059D}
	EndGlobalSection
EndGlobal
