
Microsoft Visual Studio Solution File, Format Version 12.00
# Visual Studio Version 16
VisualStudioVersion = 16.0.30717.126
MinimumVisualStudioVersion = 10.0.40219.1
Project("{8BC9CEB8-8B4A-11D0-8D11-00A0C91BC942}") = "力扣_553_最有除法.c", "力扣_553_最有除法.c\力扣_553_最有除法.c.vcxproj", "{1659216A-B831-49A9-8659-69939D2DD5A6}"
EndProject
Global
	GlobalSection(SolutionConfigurationPlatforms) = preSolution
		Debug|x64 = Debug|x64
		Debug|x86 = Debug|x86
		Release|x64 = Release|x64
		Release|x86 = Release|x86
	EndGlobalSection
	GlobalSection(ProjectConfigurationPlatforms) = postSolution
		{1659216A-B831-49A9-8659-69939D2DD5A6}.Debug|x64.ActiveCfg = Debug|x64
		{1659216A-B831-49A9-8659-69939D2DD5A6}.Debug|x64.Build.0 = Debug|x64
		{1659216A-B831-49A9-8659-69939D2DD5A6}.Debug|x86.ActiveCfg = Debug|Win32
		{1659216A-B831-49A9-8659-69939D2DD5A6}.Debug|x86.Build.0 = Debug|Win32
		{1659216A-B831-49A9-8659-69939D2DD5A6}.Release|x64.ActiveCfg = Release|x64
		{1659216A-B831-49A9-8659-69939D2DD5A6}.Release|x64.Build.0 = Release|x64
		{1659216A-B831-49A9-8659-69939D2DD5A6}.Release|x86.ActiveCfg = Release|Win32
		{1659216A-B831-49A9-8659-69939D2DD5A6}.Release|x86.Build.0 = Release|Win32
	EndGlobalSection
	GlobalSection(SolutionProperties) = preSolution
		HideSolutionNode = FALSE
	EndGlobalSection
	GlobalSection(ExtensibilityGlobals) = postSolution
		SolutionGuid = {08256771-B434-4A42-8F1C-C45FF44C5693}
	EndGlobalSection
EndGlobal
