
Microsoft Visual Studio Solution File, Format Version 12.00
# Visual Studio Version 16
VisualStudioVersion = 16.0.30717.126
MinimumVisualStudioVersion = 10.0.40219.1
Project("{8BC9CEB8-8B4A-11D0-8D11-00A0C91BC942}") = "力扣_557_反转字符串中的单词Ⅲ.c", "力扣_557_反转字符串中的单词Ⅲ.c\力扣_557_反转字符串中的单词Ⅲ.c.vcxproj", "{ECBDAA3B-32FE-4C9B-BA0D-E5542AEBFFA9}"
EndProject
Global
	GlobalSection(SolutionConfigurationPlatforms) = preSolution
		Debug|x64 = Debug|x64
		Debug|x86 = Debug|x86
		Release|x64 = Release|x64
		Release|x86 = Release|x86
	EndGlobalSection
	GlobalSection(ProjectConfigurationPlatforms) = postSolution
		{ECBDAA3B-32FE-4C9B-BA0D-E5542AEBFFA9}.Debug|x64.ActiveCfg = Debug|x64
		{ECBDAA3B-32FE-4C9B-BA0D-E5542AEBFFA9}.Debug|x64.Build.0 = Debug|x64
		{ECBDAA3B-32FE-4C9B-BA0D-E5542AEBFFA9}.Debug|x86.ActiveCfg = Debug|Win32
		{ECBDAA3B-32FE-4C9B-BA0D-E5542AEBFFA9}.Debug|x86.Build.0 = Debug|Win32
		{ECBDAA3B-32FE-4C9B-BA0D-E5542AEBFFA9}.Release|x64.ActiveCfg = Release|x64
		{ECBDAA3B-32FE-4C9B-BA0D-E5542AEBFFA9}.Release|x64.Build.0 = Release|x64
		{ECBDAA3B-32FE-4C9B-BA0D-E5542AEBFFA9}.Release|x86.ActiveCfg = Release|Win32
		{ECBDAA3B-32FE-4C9B-BA0D-E5542AEBFFA9}.Release|x86.Build.0 = Release|Win32
	EndGlobalSection
	GlobalSection(SolutionProperties) = preSolution
		HideSolutionNode = FALSE
	EndGlobalSection
	GlobalSection(ExtensibilityGlobals) = postSolution
		SolutionGuid = {D2BED5CE-5FEC-4489-A08C-65F84CCDC2B3}
	EndGlobalSection
EndGlobal
