
Microsoft Visual Studio Solution File, Format Version 12.00
# Visual Studio Version 16
VisualStudioVersion = 16.0.30717.126
MinimumVisualStudioVersion = 10.0.40219.1
Project("{8BC9CEB8-8B4A-11D0-8D11-00A0C91BC942}") = "力扣_303_区域和检索-数组不可变.c", "力扣_303_区域和检索-数组不可变.c\力扣_303_区域和检索-数组不可变.c.vcxproj", "{E16CA095-6229-4587-B92D-66EAF19424DC}"
EndProject
Global
	GlobalSection(SolutionConfigurationPlatforms) = preSolution
		Debug|x64 = Debug|x64
		Debug|x86 = Debug|x86
		Release|x64 = Release|x64
		Release|x86 = Release|x86
	EndGlobalSection
	GlobalSection(ProjectConfigurationPlatforms) = postSolution
		{E16CA095-6229-4587-B92D-66EAF19424DC}.Debug|x64.ActiveCfg = Debug|x64
		{E16CA095-6229-4587-B92D-66EAF19424DC}.Debug|x64.Build.0 = Debug|x64
		{E16CA095-6229-4587-B92D-66EAF19424DC}.Debug|x86.ActiveCfg = Debug|Win32
		{E16CA095-6229-4587-B92D-66EAF19424DC}.Debug|x86.Build.0 = Debug|Win32
		{E16CA095-6229-4587-B92D-66EAF19424DC}.Release|x64.ActiveCfg = Release|x64
		{E16CA095-6229-4587-B92D-66EAF19424DC}.Release|x64.Build.0 = Release|x64
		{E16CA095-6229-4587-B92D-66EAF19424DC}.Release|x86.ActiveCfg = Release|Win32
		{E16CA095-6229-4587-B92D-66EAF19424DC}.Release|x86.Build.0 = Release|Win32
	EndGlobalSection
	GlobalSection(SolutionProperties) = preSolution
		HideSolutionNode = FALSE
	EndGlobalSection
	GlobalSection(ExtensibilityGlobals) = postSolution
		SolutionGuid = {4110BA6E-218F-4B04-B88D-6CEC957BE03A}
	EndGlobalSection
EndGlobal
