
Microsoft Visual Studio Solution File, Format Version 12.00
# Visual Studio Version 16
VisualStudioVersion = 16.0.30717.126
MinimumVisualStudioVersion = 10.0.40219.1
Project("{8BC9CEB8-8B4A-11D0-8D11-00A0C91BC942}") = "力扣_535_TinyURL的加密与解密.c", "力扣_535_TinyURL的加密与解密.c\力扣_535_TinyURL的加密与解密.c.vcxproj", "{75993304-E137-4906-A2DF-01F370FFA2DF}"
EndProject
Global
	GlobalSection(SolutionConfigurationPlatforms) = preSolution
		Debug|x64 = Debug|x64
		Debug|x86 = Debug|x86
		Release|x64 = Release|x64
		Release|x86 = Release|x86
	EndGlobalSection
	GlobalSection(ProjectConfigurationPlatforms) = postSolution
		{75993304-E137-4906-A2DF-01F370FFA2DF}.Debug|x64.ActiveCfg = Debug|x64
		{75993304-E137-4906-A2DF-01F370FFA2DF}.Debug|x64.Build.0 = Debug|x64
		{75993304-E137-4906-A2DF-01F370FFA2DF}.Debug|x86.ActiveCfg = Debug|Win32
		{75993304-E137-4906-A2DF-01F370FFA2DF}.Debug|x86.Build.0 = Debug|Win32
		{75993304-E137-4906-A2DF-01F370FFA2DF}.Release|x64.ActiveCfg = Release|x64
		{75993304-E137-4906-A2DF-01F370FFA2DF}.Release|x64.Build.0 = Release|x64
		{75993304-E137-4906-A2DF-01F370FFA2DF}.Release|x86.ActiveCfg = Release|Win32
		{75993304-E137-4906-A2DF-01F370FFA2DF}.Release|x86.Build.0 = Release|Win32
	EndGlobalSection
	GlobalSection(SolutionProperties) = preSolution
		HideSolutionNode = FALSE
	EndGlobalSection
	GlobalSection(ExtensibilityGlobals) = postSolution
		SolutionGuid = {D3594309-A6E5-40A4-9741-D7633770FD93}
	EndGlobalSection
EndGlobal
