
Microsoft Visual Studio Solution File, Format Version 12.00
# Visual Studio Version 16
VisualStudioVersion = 16.0.30717.126
MinimumVisualStudioVersion = 10.0.40219.1
Project("{8BC9CEB8-8B4A-11D0-8D11-00A0C91BC942}") = "力扣_263_丑数.c", "力扣_263_丑数.c\力扣_263_丑数.c.vcxproj", "{34FA2CFA-289A-4F94-A287-5B7848D27550}"
EndProject
Global
	GlobalSection(SolutionConfigurationPlatforms) = preSolution
		Debug|x64 = Debug|x64
		Debug|x86 = Debug|x86
		Release|x64 = Release|x64
		Release|x86 = Release|x86
	EndGlobalSection
	GlobalSection(ProjectConfigurationPlatforms) = postSolution
		{34FA2CFA-289A-4F94-A287-5B7848D27550}.Debug|x64.ActiveCfg = Debug|x64
		{34FA2CFA-289A-4F94-A287-5B7848D27550}.Debug|x64.Build.0 = Debug|x64
		{34FA2CFA-289A-4F94-A287-5B7848D27550}.Debug|x86.ActiveCfg = Debug|Win32
		{34FA2CFA-289A-4F94-A287-5B7848D27550}.Debug|x86.Build.0 = Debug|Win32
		{34FA2CFA-289A-4F94-A287-5B7848D27550}.Release|x64.ActiveCfg = Release|x64
		{34FA2CFA-289A-4F94-A287-5B7848D27550}.Release|x64.Build.0 = Release|x64
		{34FA2CFA-289A-4F94-A287-5B7848D27550}.Release|x86.ActiveCfg = Release|Win32
		{34FA2CFA-289A-4F94-A287-5B7848D27550}.Release|x86.Build.0 = Release|Win32
	EndGlobalSection
	GlobalSection(SolutionProperties) = preSolution
		HideSolutionNode = FALSE
	EndGlobalSection
	GlobalSection(ExtensibilityGlobals) = postSolution
		SolutionGuid = {148B1FF6-F821-4EDD-BFB4-F6C5E427C5F1}
	EndGlobalSection
EndGlobal
