
Microsoft Visual Studio Solution File, Format Version 12.00
# Visual Studio Version 16
VisualStudioVersion = 16.0.30717.126
MinimumVisualStudioVersion = 10.0.40219.1
Project("{8BC9CEB8-8B4A-11D0-8D11-00A0C91BC942}") = "力扣_485_最大连续1的个数.c", "力扣_485_最大连续1的个数.c\力扣_485_最大连续1的个数.c.vcxproj", "{6079683F-A844-4353-B2BB-69903F3C6B20}"
EndProject
Global
	GlobalSection(SolutionConfigurationPlatforms) = preSolution
		Debug|x64 = Debug|x64
		Debug|x86 = Debug|x86
		Release|x64 = Release|x64
		Release|x86 = Release|x86
	EndGlobalSection
	GlobalSection(ProjectConfigurationPlatforms) = postSolution
		{6079683F-A844-4353-B2BB-69903F3C6B20}.Debug|x64.ActiveCfg = Debug|x64
		{6079683F-A844-4353-B2BB-69903F3C6B20}.Debug|x64.Build.0 = Debug|x64
		{6079683F-A844-4353-B2BB-69903F3C6B20}.Debug|x86.ActiveCfg = Debug|Win32
		{6079683F-A844-4353-B2BB-69903F3C6B20}.Debug|x86.Build.0 = Debug|Win32
		{6079683F-A844-4353-B2BB-69903F3C6B20}.Release|x64.ActiveCfg = Release|x64
		{6079683F-A844-4353-B2BB-69903F3C6B20}.Release|x64.Build.0 = Release|x64
		{6079683F-A844-4353-B2BB-69903F3C6B20}.Release|x86.ActiveCfg = Release|Win32
		{6079683F-A844-4353-B2BB-69903F3C6B20}.Release|x86.Build.0 = Release|Win32
	EndGlobalSection
	GlobalSection(SolutionProperties) = preSolution
		HideSolutionNode = FALSE
	EndGlobalSection
	GlobalSection(ExtensibilityGlobals) = postSolution
		SolutionGuid = {284A3744-DD58-4A6B-BB09-D339692F5632}
	EndGlobalSection
EndGlobal
