
Microsoft Visual Studio Solution File, Format Version 12.00
# Visual Studio Version 16
VisualStudioVersion = 16.0.30717.126
MinimumVisualStudioVersion = 10.0.40219.1
Project("{8BC9CEB8-8B4A-11D0-8D11-00A0C91BC942}") = "题目84.c", "题目84.c\题目84.c.vcxproj", "{65A6074D-803D-4EF7-BDB3-A0C70F8FD3F8}"
EndProject
Global
	GlobalSection(SolutionConfigurationPlatforms) = preSolution
		Debug|x64 = Debug|x64
		Debug|x86 = Debug|x86
		Release|x64 = Release|x64
		Release|x86 = Release|x86
	EndGlobalSection
	GlobalSection(ProjectConfigurationPlatforms) = postSolution
		{65A6074D-803D-4EF7-BDB3-A0C70F8FD3F8}.Debug|x64.ActiveCfg = Debug|x64
		{65A6074D-803D-4EF7-BDB3-A0C70F8FD3F8}.Debug|x64.Build.0 = Debug|x64
		{65A6074D-803D-4EF7-BDB3-A0C70F8FD3F8}.Debug|x86.ActiveCfg = Debug|Win32
		{65A6074D-803D-4EF7-BDB3-A0C70F8FD3F8}.Debug|x86.Build.0 = Debug|Win32
		{65A6074D-803D-4EF7-BDB3-A0C70F8FD3F8}.Release|x64.ActiveCfg = Release|x64
		{65A6074D-803D-4EF7-BDB3-A0C70F8FD3F8}.Release|x64.Build.0 = Release|x64
		{65A6074D-803D-4EF7-BDB3-A0C70F8FD3F8}.Release|x86.ActiveCfg = Release|Win32
		{65A6074D-803D-4EF7-BDB3-A0C70F8FD3F8}.Release|x86.Build.0 = Release|Win32
	EndGlobalSection
	GlobalSection(SolutionProperties) = preSolution
		HideSolutionNode = FALSE
	EndGlobalSection
	GlobalSection(ExtensibilityGlobals) = postSolution
		SolutionGuid = {33A53B5C-92FD-4BE2-B291-A342CD71D906}
	EndGlobalSection
EndGlobal
