
Microsoft Visual Studio Solution File, Format Version 12.00
# Visual Studio Version 16
VisualStudioVersion = 16.0.30717.126
MinimumVisualStudioVersion = 10.0.40219.1
Project("{8BC9CEB8-8B4A-11D0-8D11-00A0C91BC942}") = "力扣_224_基本计算器.c", "力扣_224_基本计算器.c\力扣_224_基本计算器.c.vcxproj", "{2E438D9F-ECC3-4F07-B3FD-DE208E18E87F}"
EndProject
Global
	GlobalSection(SolutionConfigurationPlatforms) = preSolution
		Debug|x64 = Debug|x64
		Debug|x86 = Debug|x86
		Release|x64 = Release|x64
		Release|x86 = Release|x86
	EndGlobalSection
	GlobalSection(ProjectConfigurationPlatforms) = postSolution
		{2E438D9F-ECC3-4F07-B3FD-DE208E18E87F}.Debug|x64.ActiveCfg = Debug|x64
		{2E438D9F-ECC3-4F07-B3FD-DE208E18E87F}.Debug|x64.Build.0 = Debug|x64
		{2E438D9F-ECC3-4F07-B3FD-DE208E18E87F}.Debug|x86.ActiveCfg = Debug|Win32
		{2E438D9F-ECC3-4F07-B3FD-DE208E18E87F}.Debug|x86.Build.0 = Debug|Win32
		{2E438D9F-ECC3-4F07-B3FD-DE208E18E87F}.Release|x64.ActiveCfg = Release|x64
		{2E438D9F-ECC3-4F07-B3FD-DE208E18E87F}.Release|x64.Build.0 = Release|x64
		{2E438D9F-ECC3-4F07-B3FD-DE208E18E87F}.Release|x86.ActiveCfg = Release|Win32
		{2E438D9F-ECC3-4F07-B3FD-DE208E18E87F}.Release|x86.Build.0 = Release|Win32
	EndGlobalSection
	GlobalSection(SolutionProperties) = preSolution
		HideSolutionNode = FALSE
	EndGlobalSection
	GlobalSection(ExtensibilityGlobals) = postSolution
		SolutionGuid = {EA734CC7-B2C3-4CA7-A155-6ACF8099709D}
	EndGlobalSection
EndGlobal
