
Microsoft Visual Studio Solution File, Format Version 12.00
# Visual Studio Version 16
VisualStudioVersion = 16.0.30717.126
MinimumVisualStudioVersion = 10.0.40219.1
Project("{8BC9CEB8-8B4A-11D0-8D11-00A0C91BC942}") = "力扣_461_汉明距离.c", "力扣_461_汉明距离.c\力扣_461_汉明距离.c.vcxproj", "{C2DCB4CE-FE3E-4C69-8245-F0092A3F21CF}"
EndProject
Global
	GlobalSection(SolutionConfigurationPlatforms) = preSolution
		Debug|x64 = Debug|x64
		Debug|x86 = Debug|x86
		Release|x64 = Release|x64
		Release|x86 = Release|x86
	EndGlobalSection
	GlobalSection(ProjectConfigurationPlatforms) = postSolution
		{C2DCB4CE-FE3E-4C69-8245-F0092A3F21CF}.Debug|x64.ActiveCfg = Debug|x64
		{C2DCB4CE-FE3E-4C69-8245-F0092A3F21CF}.Debug|x64.Build.0 = Debug|x64
		{C2DCB4CE-FE3E-4C69-8245-F0092A3F21CF}.Debug|x86.ActiveCfg = Debug|Win32
		{C2DCB4CE-FE3E-4C69-8245-F0092A3F21CF}.Debug|x86.Build.0 = Debug|Win32
		{C2DCB4CE-FE3E-4C69-8245-F0092A3F21CF}.Release|x64.ActiveCfg = Release|x64
		{C2DCB4CE-FE3E-4C69-8245-F0092A3F21CF}.Release|x64.Build.0 = Release|x64
		{C2DCB4CE-FE3E-4C69-8245-F0092A3F21CF}.Release|x86.ActiveCfg = Release|Win32
		{C2DCB4CE-FE3E-4C69-8245-F0092A3F21CF}.Release|x86.Build.0 = Release|Win32
	EndGlobalSection
	GlobalSection(SolutionProperties) = preSolution
		HideSolutionNode = FALSE
	EndGlobalSection
	GlobalSection(ExtensibilityGlobals) = postSolution
		SolutionGuid = {0DEB1F38-0433-400B-A8FA-9C95FDC2EBEF}
	EndGlobalSection
EndGlobal
