
Microsoft Visual Studio Solution File, Format Version 12.00
# Visual Studio Version 16
VisualStudioVersion = 16.0.30717.126
MinimumVisualStudioVersion = 10.0.40219.1
Project("{8BC9CEB8-8B4A-11D0-8D11-00A0C91BC942}") = "力扣_对链表进行插入排序.c", "力扣_对链表进行插入排序.c\力扣_对链表进行插入排序.c.vcxproj", "{05E3A196-03C1-4C1F-ACF1-B8296D252AD2}"
EndProject
Global
	GlobalSection(SolutionConfigurationPlatforms) = preSolution
		Debug|x64 = Debug|x64
		Debug|x86 = Debug|x86
		Release|x64 = Release|x64
		Release|x86 = Release|x86
	EndGlobalSection
	GlobalSection(ProjectConfigurationPlatforms) = postSolution
		{05E3A196-03C1-4C1F-ACF1-B8296D252AD2}.Debug|x64.ActiveCfg = Debug|x64
		{05E3A196-03C1-4C1F-ACF1-B8296D252AD2}.Debug|x64.Build.0 = Debug|x64
		{05E3A196-03C1-4C1F-ACF1-B8296D252AD2}.Debug|x86.ActiveCfg = Debug|Win32
		{05E3A196-03C1-4C1F-ACF1-B8296D252AD2}.Debug|x86.Build.0 = Debug|Win32
		{05E3A196-03C1-4C1F-ACF1-B8296D252AD2}.Release|x64.ActiveCfg = Release|x64
		{05E3A196-03C1-4C1F-ACF1-B8296D252AD2}.Release|x64.Build.0 = Release|x64
		{05E3A196-03C1-4C1F-ACF1-B8296D252AD2}.Release|x86.ActiveCfg = Release|Win32
		{05E3A196-03C1-4C1F-ACF1-B8296D252AD2}.Release|x86.Build.0 = Release|Win32
	EndGlobalSection
	GlobalSection(SolutionProperties) = preSolution
		HideSolutionNode = FALSE
	EndGlobalSection
	GlobalSection(ExtensibilityGlobals) = postSolution
		SolutionGuid = {9CA1896D-F2BA-4A48-B39A-A844EA64CFAF}
	EndGlobalSection
EndGlobal
