
Microsoft Visual Studio Solution File, Format Version 12.00
# Visual Studio Version 16
VisualStudioVersion = 16.0.30717.126
MinimumVisualStudioVersion = 10.0.40219.1
Project("{8BC9CEB8-8B4A-11D0-8D11-00A0C91BC942}") = "力扣_1217_玩筹码.c", "力扣_1217_玩筹码.c\力扣_1217_玩筹码.c.vcxproj", "{2A68B36A-20C1-4643-A607-1AC7D4B88924}"
EndProject
Global
	GlobalSection(SolutionConfigurationPlatforms) = preSolution
		Debug|x64 = Debug|x64
		Debug|x86 = Debug|x86
		Release|x64 = Release|x64
		Release|x86 = Release|x86
	EndGlobalSection
	GlobalSection(ProjectConfigurationPlatforms) = postSolution
		{2A68B36A-20C1-4643-A607-1AC7D4B88924}.Debug|x64.ActiveCfg = Debug|x64
		{2A68B36A-20C1-4643-A607-1AC7D4B88924}.Debug|x64.Build.0 = Debug|x64
		{2A68B36A-20C1-4643-A607-1AC7D4B88924}.Debug|x86.ActiveCfg = Debug|Win32
		{2A68B36A-20C1-4643-A607-1AC7D4B88924}.Debug|x86.Build.0 = Debug|Win32
		{2A68B36A-20C1-4643-A607-1AC7D4B88924}.Release|x64.ActiveCfg = Release|x64
		{2A68B36A-20C1-4643-A607-1AC7D4B88924}.Release|x64.Build.0 = Release|x64
		{2A68B36A-20C1-4643-A607-1AC7D4B88924}.Release|x86.ActiveCfg = Release|Win32
		{2A68B36A-20C1-4643-A607-1AC7D4B88924}.Release|x86.Build.0 = Release|Win32
	EndGlobalSection
	GlobalSection(SolutionProperties) = preSolution
		HideSolutionNode = FALSE
	EndGlobalSection
	GlobalSection(ExtensibilityGlobals) = postSolution
		SolutionGuid = {59D6D4E4-7766-4467-9214-41270D90C701}
	EndGlobalSection
EndGlobal
