
Microsoft Visual Studio Solution File, Format Version 12.00
# Visual Studio Version 16
VisualStudioVersion = 16.0.30717.126
MinimumVisualStudioVersion = 10.0.40219.1
Project("{8BC9CEB8-8B4A-11D0-8D11-00A0C91BC942}") = "力扣_207_课程表.c", "力扣_207_课程表.c\力扣_207_课程表.c.vcxproj", "{DBB0B52F-8629-43F1-BC0B-FA2DACD2CD0A}"
EndProject
Global
	GlobalSection(SolutionConfigurationPlatforms) = preSolution
		Debug|x64 = Debug|x64
		Debug|x86 = Debug|x86
		Release|x64 = Release|x64
		Release|x86 = Release|x86
	EndGlobalSection
	GlobalSection(ProjectConfigurationPlatforms) = postSolution
		{DBB0B52F-8629-43F1-BC0B-FA2DACD2CD0A}.Debug|x64.ActiveCfg = Debug|x64
		{DBB0B52F-8629-43F1-BC0B-FA2DACD2CD0A}.Debug|x64.Build.0 = Debug|x64
		{DBB0B52F-8629-43F1-BC0B-FA2DACD2CD0A}.Debug|x86.ActiveCfg = Debug|Win32
		{DBB0B52F-8629-43F1-BC0B-FA2DACD2CD0A}.Debug|x86.Build.0 = Debug|Win32
		{DBB0B52F-8629-43F1-BC0B-FA2DACD2CD0A}.Release|x64.ActiveCfg = Release|x64
		{DBB0B52F-8629-43F1-BC0B-FA2DACD2CD0A}.Release|x64.Build.0 = Release|x64
		{DBB0B52F-8629-43F1-BC0B-FA2DACD2CD0A}.Release|x86.ActiveCfg = Release|Win32
		{DBB0B52F-8629-43F1-BC0B-FA2DACD2CD0A}.Release|x86.Build.0 = Release|Win32
	EndGlobalSection
	GlobalSection(SolutionProperties) = preSolution
		HideSolutionNode = FALSE
	EndGlobalSection
	GlobalSection(ExtensibilityGlobals) = postSolution
		SolutionGuid = {6FBEC0ED-E1D8-478A-B0F2-DE05544EECF8}
	EndGlobalSection
EndGlobal
