
Microsoft Visual Studio Solution File, Format Version 12.00
# Visual Studio Version 16
VisualStudioVersion = 16.0.30717.126
MinimumVisualStudioVersion = 10.0.40219.1
Project("{8BC9CEB8-8B4A-11D0-8D11-00A0C91BC942}") = "力扣_537_复数乘法.c", "力扣_537_复数乘法.c\力扣_537_复数乘法.c.vcxproj", "{2FDE9428-68B0-4FC8-A176-C91387B479EC}"
EndProject
Global
	GlobalSection(SolutionConfigurationPlatforms) = preSolution
		Debug|x64 = Debug|x64
		Debug|x86 = Debug|x86
		Release|x64 = Release|x64
		Release|x86 = Release|x86
	EndGlobalSection
	GlobalSection(ProjectConfigurationPlatforms) = postSolution
		{2FDE9428-68B0-4FC8-A176-C91387B479EC}.Debug|x64.ActiveCfg = Debug|x64
		{2FDE9428-68B0-4FC8-A176-C91387B479EC}.Debug|x64.Build.0 = Debug|x64
		{2FDE9428-68B0-4FC8-A176-C91387B479EC}.Debug|x86.ActiveCfg = Debug|Win32
		{2FDE9428-68B0-4FC8-A176-C91387B479EC}.Debug|x86.Build.0 = Debug|Win32
		{2FDE9428-68B0-4FC8-A176-C91387B479EC}.Release|x64.ActiveCfg = Release|x64
		{2FDE9428-68B0-4FC8-A176-C91387B479EC}.Release|x64.Build.0 = Release|x64
		{2FDE9428-68B0-4FC8-A176-C91387B479EC}.Release|x86.ActiveCfg = Release|Win32
		{2FDE9428-68B0-4FC8-A176-C91387B479EC}.Release|x86.Build.0 = Release|Win32
	EndGlobalSection
	GlobalSection(SolutionProperties) = preSolution
		HideSolutionNode = FALSE
	EndGlobalSection
	GlobalSection(ExtensibilityGlobals) = postSolution
		SolutionGuid = {B95338F1-3E0C-4556-9D93-69690F537918}
	EndGlobalSection
EndGlobal
