
Microsoft Visual Studio Solution File, Format Version 12.00
# Visual Studio Version 16
VisualStudioVersion = 16.0.30717.126
MinimumVisualStudioVersion = 10.0.40219.1
Project("{8BC9CEB8-8B4A-11D0-8D11-00A0C91BC942}") = "力扣_2_两数相加.c", "力扣_2_两数相加.c\力扣_2_两数相加.c.vcxproj", "{E2E7E4F9-692F-486C-A236-7F9198575437}"
EndProject
Global
	GlobalSection(SolutionConfigurationPlatforms) = preSolution
		Debug|x64 = Debug|x64
		Debug|x86 = Debug|x86
		Release|x64 = Release|x64
		Release|x86 = Release|x86
	EndGlobalSection
	GlobalSection(ProjectConfigurationPlatforms) = postSolution
		{E2E7E4F9-692F-486C-A236-7F9198575437}.Debug|x64.ActiveCfg = Debug|x64
		{E2E7E4F9-692F-486C-A236-7F9198575437}.Debug|x64.Build.0 = Debug|x64
		{E2E7E4F9-692F-486C-A236-7F9198575437}.Debug|x86.ActiveCfg = Debug|Win32
		{E2E7E4F9-692F-486C-A236-7F9198575437}.Debug|x86.Build.0 = Debug|Win32
		{E2E7E4F9-692F-486C-A236-7F9198575437}.Release|x64.ActiveCfg = Release|x64
		{E2E7E4F9-692F-486C-A236-7F9198575437}.Release|x64.Build.0 = Release|x64
		{E2E7E4F9-692F-486C-A236-7F9198575437}.Release|x86.ActiveCfg = Release|Win32
		{E2E7E4F9-692F-486C-A236-7F9198575437}.Release|x86.Build.0 = Release|Win32
	EndGlobalSection
	GlobalSection(SolutionProperties) = preSolution
		HideSolutionNode = FALSE
	EndGlobalSection
	GlobalSection(ExtensibilityGlobals) = postSolution
		SolutionGuid = {26216D52-7E71-40C0-9FE7-D1AC1BE0A888}
	EndGlobalSection
EndGlobal
