
Microsoft Visual Studio Solution File, Format Version 12.00
# Visual Studio Version 16
VisualStudioVersion = 16.0.30717.126
MinimumVisualStudioVersion = 10.0.40219.1
Project("{8BC9CEB8-8B4A-11D0-8D11-00A0C91BC942}") = "力扣_定长子串中元音的最大数目.c", "力扣_定长子串中元音的最大数目.c\力扣_定长子串中元音的最大数目.c.vcxproj", "{0F6F85C7-A2BC-4773-837C-A93F19CA1F1E}"
EndProject
Global
	GlobalSection(SolutionConfigurationPlatforms) = preSolution
		Debug|x64 = Debug|x64
		Debug|x86 = Debug|x86
		Release|x64 = Release|x64
		Release|x86 = Release|x86
	EndGlobalSection
	GlobalSection(ProjectConfigurationPlatforms) = postSolution
		{0F6F85C7-A2BC-4773-837C-A93F19CA1F1E}.Debug|x64.ActiveCfg = Debug|x64
		{0F6F85C7-A2BC-4773-837C-A93F19CA1F1E}.Debug|x64.Build.0 = Debug|x64
		{0F6F85C7-A2BC-4773-837C-A93F19CA1F1E}.Debug|x86.ActiveCfg = Debug|Win32
		{0F6F85C7-A2BC-4773-837C-A93F19CA1F1E}.Debug|x86.Build.0 = Debug|Win32
		{0F6F85C7-A2BC-4773-837C-A93F19CA1F1E}.Release|x64.ActiveCfg = Release|x64
		{0F6F85C7-A2BC-4773-837C-A93F19CA1F1E}.Release|x64.Build.0 = Release|x64
		{0F6F85C7-A2BC-4773-837C-A93F19CA1F1E}.Release|x86.ActiveCfg = Release|Win32
		{0F6F85C7-A2BC-4773-837C-A93F19CA1F1E}.Release|x86.Build.0 = Release|Win32
	EndGlobalSection
	GlobalSection(SolutionProperties) = preSolution
		HideSolutionNode = FALSE
	EndGlobalSection
	GlobalSection(ExtensibilityGlobals) = postSolution
		SolutionGuid = {28F8FA5D-2AED-4C33-A54A-BD0797188C52}
	EndGlobalSection
EndGlobal
