
Microsoft Visual Studio Solution File, Format Version 12.00
# Visual Studio Version 16
VisualStudioVersion = 16.0.30717.126
MinimumVisualStudioVersion = 10.0.40219.1
Project("{8BC9CEB8-8B4A-11D0-8D11-00A0C91BC942}") = "堆栈实现2.c", "堆栈实现2.c\堆栈实现2.c.vcxproj", "{FF7FDA1F-B8C4-4ACA-9727-5A2694C54FB4}"
EndProject
Global
	GlobalSection(SolutionConfigurationPlatforms) = preSolution
		Debug|x64 = Debug|x64
		Debug|x86 = Debug|x86
		Release|x64 = Release|x64
		Release|x86 = Release|x86
	EndGlobalSection
	GlobalSection(ProjectConfigurationPlatforms) = postSolution
		{FF7FDA1F-B8C4-4ACA-9727-5A2694C54FB4}.Debug|x64.ActiveCfg = Debug|x64
		{FF7FDA1F-B8C4-4ACA-9727-5A2694C54FB4}.Debug|x64.Build.0 = Debug|x64
		{FF7FDA1F-B8C4-4ACA-9727-5A2694C54FB4}.Debug|x86.ActiveCfg = Debug|Win32
		{FF7FDA1F-B8C4-4ACA-9727-5A2694C54FB4}.Debug|x86.Build.0 = Debug|Win32
		{FF7FDA1F-B8C4-4ACA-9727-5A2694C54FB4}.Release|x64.ActiveCfg = Release|x64
		{FF7FDA1F-B8C4-4ACA-9727-5A2694C54FB4}.Release|x64.Build.0 = Release|x64
		{FF7FDA1F-B8C4-4ACA-9727-5A2694C54FB4}.Release|x86.ActiveCfg = Release|Win32
		{FF7FDA1F-B8C4-4ACA-9727-5A2694C54FB4}.Release|x86.Build.0 = Release|Win32
	EndGlobalSection
	GlobalSection(SolutionProperties) = preSolution
		HideSolutionNode = FALSE
	EndGlobalSection
	GlobalSection(ExtensibilityGlobals) = postSolution
		SolutionGuid = {6B0E3730-DFE7-48B6-895B-45417597C80C}
	EndGlobalSection
EndGlobal
