
Microsoft Visual Studio Solution File, Format Version 12.00
# Visual Studio Version 16
VisualStudioVersion = 16.0.30717.126
MinimumVisualStudioVersion = 10.0.40219.1
Project("{8BC9CEB8-8B4A-11D0-8D11-00A0C91BC942}") = "力扣_458_可怜的小猪.c", "力扣_458_可怜的小猪.c\力扣_458_可怜的小猪.c.vcxproj", "{3D298AE0-A2D4-4A27-B384-D17A079310E3}"
EndProject
Global
	GlobalSection(SolutionConfigurationPlatforms) = preSolution
		Debug|x64 = Debug|x64
		Debug|x86 = Debug|x86
		Release|x64 = Release|x64
		Release|x86 = Release|x86
	EndGlobalSection
	GlobalSection(ProjectConfigurationPlatforms) = postSolution
		{3D298AE0-A2D4-4A27-B384-D17A079310E3}.Debug|x64.ActiveCfg = Debug|x64
		{3D298AE0-A2D4-4A27-B384-D17A079310E3}.Debug|x64.Build.0 = Debug|x64
		{3D298AE0-A2D4-4A27-B384-D17A079310E3}.Debug|x86.ActiveCfg = Debug|Win32
		{3D298AE0-A2D4-4A27-B384-D17A079310E3}.Debug|x86.Build.0 = Debug|Win32
		{3D298AE0-A2D4-4A27-B384-D17A079310E3}.Release|x64.ActiveCfg = Release|x64
		{3D298AE0-A2D4-4A27-B384-D17A079310E3}.Release|x64.Build.0 = Release|x64
		{3D298AE0-A2D4-4A27-B384-D17A079310E3}.Release|x86.ActiveCfg = Release|Win32
		{3D298AE0-A2D4-4A27-B384-D17A079310E3}.Release|x86.Build.0 = Release|Win32
	EndGlobalSection
	GlobalSection(SolutionProperties) = preSolution
		HideSolutionNode = FALSE
	EndGlobalSection
	GlobalSection(ExtensibilityGlobals) = postSolution
		SolutionGuid = {F78DA053-C0A4-4644-8C3B-7534B5F1FD18}
	EndGlobalSection
EndGlobal
