
Microsoft Visual Studio Solution File, Format Version 12.00
# Visual Studio Version 16
VisualStudioVersion = 16.0.30717.126
MinimumVisualStudioVersion = 10.0.40219.1
Project("{8BC9CEB8-8B4A-11D0-8D11-00A0C91BC942}") = "力扣_430_扁平化多级双向链表.c", "力扣_430_扁平化多级双向链表.c\力扣_430_扁平化多级双向链表.c.vcxproj", "{0467A7B3-F2C2-46A8-B391-3BA66404CC81}"
EndProject
Global
	GlobalSection(SolutionConfigurationPlatforms) = preSolution
		Debug|x64 = Debug|x64
		Debug|x86 = Debug|x86
		Release|x64 = Release|x64
		Release|x86 = Release|x86
	EndGlobalSection
	GlobalSection(ProjectConfigurationPlatforms) = postSolution
		{0467A7B3-F2C2-46A8-B391-3BA66404CC81}.Debug|x64.ActiveCfg = Debug|x64
		{0467A7B3-F2C2-46A8-B391-3BA66404CC81}.Debug|x64.Build.0 = Debug|x64
		{0467A7B3-F2C2-46A8-B391-3BA66404CC81}.Debug|x86.ActiveCfg = Debug|Win32
		{0467A7B3-F2C2-46A8-B391-3BA66404CC81}.Debug|x86.Build.0 = Debug|Win32
		{0467A7B3-F2C2-46A8-B391-3BA66404CC81}.Release|x64.ActiveCfg = Release|x64
		{0467A7B3-F2C2-46A8-B391-3BA66404CC81}.Release|x64.Build.0 = Release|x64
		{0467A7B3-F2C2-46A8-B391-3BA66404CC81}.Release|x86.ActiveCfg = Release|Win32
		{0467A7B3-F2C2-46A8-B391-3BA66404CC81}.Release|x86.Build.0 = Release|Win32
	EndGlobalSection
	GlobalSection(SolutionProperties) = preSolution
		HideSolutionNode = FALSE
	EndGlobalSection
	GlobalSection(ExtensibilityGlobals) = postSolution
		SolutionGuid = {58BEDB89-28C0-494A-8E22-0E04FD4B4B2C}
	EndGlobalSection
EndGlobal
