
Microsoft Visual Studio Solution File, Format Version 12.00
# Visual Studio Version 16
VisualStudioVersion = 16.0.30717.126
MinimumVisualStudioVersion = 10.0.40219.1
Project("{8BC9CEB8-8B4A-11D0-8D11-00A0C91BC942}") = "力扣_合并两个有序数组.c", "力扣_合并两个有序数组.c\力扣_合并两个有序数组.c.vcxproj", "{88670344-ED92-46E0-8E72-FFA69514B456}"
EndProject
Global
	GlobalSection(SolutionConfigurationPlatforms) = preSolution
		Debug|x64 = Debug|x64
		Debug|x86 = Debug|x86
		Release|x64 = Release|x64
		Release|x86 = Release|x86
	EndGlobalSection
	GlobalSection(ProjectConfigurationPlatforms) = postSolution
		{88670344-ED92-46E0-8E72-FFA69514B456}.Debug|x64.ActiveCfg = Debug|x64
		{88670344-ED92-46E0-8E72-FFA69514B456}.Debug|x64.Build.0 = Debug|x64
		{88670344-ED92-46E0-8E72-FFA69514B456}.Debug|x86.ActiveCfg = Debug|Win32
		{88670344-ED92-46E0-8E72-FFA69514B456}.Debug|x86.Build.0 = Debug|Win32
		{88670344-ED92-46E0-8E72-FFA69514B456}.Release|x64.ActiveCfg = Release|x64
		{88670344-ED92-46E0-8E72-FFA69514B456}.Release|x64.Build.0 = Release|x64
		{88670344-ED92-46E0-8E72-FFA69514B456}.Release|x86.ActiveCfg = Release|Win32
		{88670344-ED92-46E0-8E72-FFA69514B456}.Release|x86.Build.0 = Release|Win32
	EndGlobalSection
	GlobalSection(SolutionProperties) = preSolution
		HideSolutionNode = FALSE
	EndGlobalSection
	GlobalSection(ExtensibilityGlobals) = postSolution
		SolutionGuid = {2B903CCA-1F0A-414E-95D2-A51C03FC2F8F}
	EndGlobalSection
EndGlobal
